
Microsoft Visual Studio Solution File, Format Version 12.00
Project("{FAE04EC0-301F-11D3-BF4B-00C04F79EFBC}") = "Server", "Server\Server.csproj", "{60A72787-FAEC-4F75-A810-068C4E3D870A}"
EndProject
Project("{FAE04EC0-301F-11D3-BF4B-00C04F79EFBC}") = "SharedLibrary", "SharedLibrary\SharedLibrary.csproj", "{F91CD791-C310-4488-B237-AE1FB6083E07}"
EndProject
Global
	GlobalSection(SolutionConfigurationPlatforms) = preSolution
		Debug|Any CPU = Debug|Any CPU
		Release|Any CPU = Release|Any CPU
	EndGlobalSection
	GlobalSection(ProjectConfigurationPlatforms) = postSolution
		{60A72787-FAEC-4F75-A810-068C4E3D870A}.Debug|Any CPU.ActiveCfg = Debug|Any CPU
		{60A72787-FAEC-4F75-A810-068C4E3D870A}.Debug|Any CPU.Build.0 = Debug|Any CPU
		{60A72787-FAEC-4F75-A810-068C4E3D870A}.Release|Any CPU.ActiveCfg = Release|Any CPU
		{60A72787-FAEC-4F75-A810-068C4E3D870A}.Release|Any CPU.Build.0 = Release|Any CPU
		{F91CD791-C310-4488-B237-AE1FB6083E07}.Debug|Any CPU.ActiveCfg = Debug|Any CPU
		{F91CD791-C310-4488-B237-AE1FB6083E07}.Debug|Any CPU.Build.0 = Debug|Any CPU
		{F91CD791-C310-4488-B237-AE1FB6083E07}.Release|Any CPU.ActiveCfg = Release|Any CPU
		{F91CD791-C310-4488-B237-AE1FB6083E07}.Release|Any CPU.Build.0 = Release|Any CPU
	EndGlobalSection
EndGlobal
